
Microsoft Visual Studio Solution File, Format Version 12.00
# Visual Studio 15
VisualStudioVersion = 15.0.27130.2010
MinimumVisualStudioVersion = 10.0.40219.1
Project("{9A19103F-16F7-4668-BE54-9A1E7A4F7556}") = "AzureFunction.Calculator", "AzureFunction.Calculator\AzureFunction.Calculator.csproj", "{A32D0004-1618-43D7-B9C5-BAE1A9388212}"
EndProject
Project("{151D2E53-A2C4-4D7D-83FE-D05416EBD58E}") = "AzureFunction.ARMTemplates", "AzureFunction.ARMTemplates\AzureFunction.ARMTemplates.deployproj", "{5C0236E8-52B7-47B6-92E8-7F0793D2B349}"
EndProject
Global
	GlobalSection(SolutionConfigurationPlatforms) = preSolution
		Debug|Any CPU = Debug|Any CPU
		Release|Any CPU = Release|Any CPU
	EndGlobalSection
	GlobalSection(ProjectConfigurationPlatforms) = postSolution
		{A32D0004-1618-43D7-B9C5-BAE1A9388212}.Debug|Any CPU.ActiveCfg = Debug|Any CPU
		{A32D0004-1618-43D7-B9C5-BAE1A9388212}.Debug|Any CPU.Build.0 = Debug|Any CPU
		{A32D0004-1618-43D7-B9C5-BAE1A9388212}.Release|Any CPU.ActiveCfg = Release|Any CPU
		{A32D0004-1618-43D7-B9C5-BAE1A9388212}.Release|Any CPU.Build.0 = Release|Any CPU
		{5C0236E8-52B7-47B6-92E8-7F0793D2B349}.Debug|Any CPU.ActiveCfg = Debug|Any CPU
		{5C0236E8-52B7-47B6-92E8-7F0793D2B349}.Debug|Any CPU.Build.0 = Debug|Any CPU
		{5C0236E8-52B7-47B6-92E8-7F0793D2B349}.Release|Any CPU.ActiveCfg = Release|Any CPU
		{5C0236E8-52B7-47B6-92E8-7F0793D2B349}.Release|Any CPU.Build.0 = Release|Any CPU
	EndGlobalSection
	GlobalSection(SolutionProperties) = preSolution
		HideSolutionNode = FALSE
	EndGlobalSection
	GlobalSection(ExtensibilityGlobals) = postSolution
		SolutionGuid = {E371D172-B922-4037-871B-ACAD18D5BEE1}
	EndGlobalSection
EndGlobal
